uuid: 70e4a18a-a763-43fa-8ccc-0dfc828b16d2
langcode: en
status: true
dependencies:
  module:
    - hdbt_content
    - node
  theme:
    - helfi_grant_applications
_core:
  default_config_hash: nH8M6u66xNnGzjplyiDZAKKeyzDR6NFyTMXNwDYzldk
id: helfi_grant_applications_heroblock
theme: helfi_grant_applications
region: before_content
weight: -12
provider: null
plugin: hero_block
settings:
  id: hero_block
  label: 'Hero block'
  label_display: '0'
  provider: hdbt_content
visibility:
  'entity_bundle:node':
    id: 'entity_bundle:node'
    negate: false
    context_mapping:
      node: '@node.node_route_context:node'
    bundles:
      form_page: form_page
      landing_page: landing_page
      page: page
