uuid: e819c387-dcf6-42e6-9205-5965ee344aea
langcode: en
status: true
dependencies:
  module:
    - hdbt_content
  theme:
    - helfi_grant_applications
_core:
  default_config_hash: tNA-kZeJYbWgoVL9w2tJxX5TkbOqzXQVOVardatKtk8
id: helfi_grant_applications_lowercontentblock
theme: helfi_grant_applications
region: after_content
weight: -11
provider: null
plugin: lower_content_block
settings:
  id: lower_content_block
  label: 'Lower content block'
  label_display: '0'
  provider: hdbt_content
visibility: {  }
